<?xml version="1.0" encoding="utf-8"?>
<Project ToolsVersion="4.0" xmlns="http://schemas.microsoft.com/developer/msbuild/2003">
  <ItemGroup>
    <Filter Include="Исходные файлы">
      <UniqueIdentifier>{4FC737F1-C7A5-4376-A066-2A32D752A2FF}</UniqueIdentifier>
      <Extensions>cpp;c;cc;cxx;c++;cppm;ixx;def;odl;idl;hpj;bat;asm;asmx</Extensions>
    </Filter>
    <Filter Include="Файлы заголовков">
      <UniqueIdentifier>{93995380-89BD-4b04-88EB-625FBE52EBFB}</UniqueIdentifier>
      <Extensions>h;hh;hpp;hxx;h++;hm;inl;inc;ipp;xsd</Extensions>
    </Filter>
    <Filter Include="Файлы ресурсов">
      <UniqueIdentifier>{67DA6AB6-F800-4c08-8B7A-83BB121AAD01}</UniqueIdentifier>
      <Extensions>rc;ico;cur;bmp;dlg;rc2;rct;bin;rgs;gif;jpg;jpeg;jpe;resx;tiff;tif;png;wav;mfcribbon-ms</Extensions>
    </Filter>
    <Filter Include="game-api">
      <UniqueIdentifier>{2dbfad06-953b-4d2e-bebb-d32ca7c6c7fc}</UniqueIdentifier>
    </Filter>
    <Filter Include="client">
      <UniqueIdentifier>{fc1788e3-34c9-4c8b-ac01-fa0bc80393d6}</UniqueIdentifier>
    </Filter>
    <Filter Include="client\hooks">
      <UniqueIdentifier>{48630b00-5f5c-4bbc-940d-02ab579e5640}</UniqueIdentifier>
    </Filter>
  </ItemGroup>
  <ItemGroup>
    <ClInclude Include="framework.h">
      <Filter>Файлы заголовков</Filter>
    </ClInclude>
    <ClInclude Include="pch.h">
      <Filter>Файлы заголовков</Filter>
    </ClInclude>
    <ClInclude Include="CMessages.h">
      <Filter>game-api</Filter>
    </ClInclude>
    <ClInclude Include="CKeyboard.h">
      <Filter>client</Filter>
    </ClInclude>
    <ClInclude Include="CHooks.h">
      <Filter>client\hooks</Filter>
    </ClInclude>
    <ClInclude Include="BitStream.h">
      <Filter>Файлы заголовков</Filter>
    </ClInclude>
    <ClInclude Include="Sync\raknet\RakClient.h">
      <Filter>Файлы заголовков</Filter>
    </ClInclude>
    <ClInclude Include="Sync\SyncClient.hpp">
      <Filter>Файлы заголовков</Filter>
    </ClInclude>
  </ItemGroup>
  <ItemGroup>
    <ClCompile Include="dllmain.cpp">
      <Filter>Исходные файлы</Filter>
    </ClCompile>
    <ClCompile Include="pch.cpp">
      <Filter>Исходные файлы</Filter>
    </ClCompile>
    <ClCompile Include="CMessages.cpp">
      <Filter>game-api</Filter>
    </ClCompile>
    <ClCompile Include="CKeyboard.cpp">
      <Filter>client</Filter>
    </ClCompile>
    <ClCompile Include="CHooks.cpp">
      <Filter>client\hooks</Filter>
    </ClCompile>
    <ClCompile Include="BitStream.cpp">
      <Filter>Исходные файлы</Filter>
    </ClCompile>
  </ItemGroup>
</Project>